
Microsoft Visual Studio Solution File, Format Version 12.00
# Visual Studio Version 16
VisualStudioVersion = 16.0.31727.386
MinimumVisualStudioVersion = 10.0.40219.1
Project("{FAE04EC0-301F-11D3-BF4B-00C04F79EFBC}") = "zobrazem", "zobrazem\zobrazem.csproj", "{B67A4B1A-BF24-45FC-8013-2546750CC7F9}"
EndProject
Global
	GlobalSection(SolutionConfigurationPlatforms) = preSolution
		Debug|Any CPU = Debug|Any CPU
		Release|Any CPU = Release|Any CPU
	EndGlobalSection
	GlobalSection(ProjectConfigurationPlatforms) = postSolution
		{B67A4B1A-BF24-45FC-8013-2546750CC7F9}.Debug|Any CPU.ActiveCfg = Debug|Any CPU
		{B67A4B1A-BF24-45FC-8013-2546750CC7F9}.Debug|Any CPU.Build.0 = Debug|Any CPU
		{B67A4B1A-BF24-45FC-8013-2546750CC7F9}.Release|Any CPU.ActiveCfg = Release|Any CPU
		{B67A4B1A-BF24-45FC-8013-2546750CC7F9}.Release|Any CPU.Build.0 = Release|Any CPU
	EndGlobalSection
	GlobalSection(SolutionProperties) = preSolution
		HideSolutionNode = FALSE
	EndGlobalSection
	GlobalSection(ExtensibilityGlobals) = postSolution
		SolutionGuid = {8F4E25A7-FEB0-42A4-AFBC-2DD567E03CEA}
	EndGlobalSection
EndGlobal
