
Microsoft Visual Studio Solution File, Format Version 12.00
# Visual Studio Version 16
VisualStudioVersion = 16.0.31727.386
MinimumVisualStudioVersion = 10.0.40219.1
Project("{FAE04EC0-301F-11D3-BF4B-00C04F79EFBC}") = "lab10", "lab10\lab10.csproj", "{DC4B1E42-B4AB-482B-BC61-A8133ECCD0C4}"
EndProject
Global
	GlobalSection(SolutionConfigurationPlatforms) = preSolution
		Debug|Any CPU = Debug|Any CPU
		Release|Any CPU = Release|Any CPU
	EndGlobalSection
	GlobalSection(ProjectConfigurationPlatforms) = postSolution
		{DC4B1E42-B4AB-482B-BC61-A8133ECCD0C4}.Debug|Any CPU.ActiveCfg = Debug|Any CPU
		{DC4B1E42-B4AB-482B-BC61-A8133ECCD0C4}.Debug|Any CPU.Build.0 = Debug|Any CPU
		{DC4B1E42-B4AB-482B-BC61-A8133ECCD0C4}.Release|Any CPU.ActiveCfg = Release|Any CPU
		{DC4B1E42-B4AB-482B-BC61-A8133ECCD0C4}.Release|Any CPU.Build.0 = Release|Any CPU
	EndGlobalSection
	GlobalSection(SolutionProperties) = preSolution
		HideSolutionNode = FALSE
	EndGlobalSection
	GlobalSection(ExtensibilityGlobals) = postSolution
		SolutionGuid = {12D063EF-0047-4C98-A32A-6D9FE10442E6}
	EndGlobalSection
EndGlobal
