
Microsoft Visual Studio Solution File, Format Version 12.00
# Visual Studio Version 16
VisualStudioVersion = 16.0.31727.386
MinimumVisualStudioVersion = 10.0.40219.1
Project("{FAE04EC0-301F-11D3-BF4B-00C04F79EFBC}") = "zadanielab2", "zadanielab2\zadanielab2.csproj", "{C613C708-E693-485A-98B9-31C7982FF2A9}"
EndProject
Global
	GlobalSection(SolutionConfigurationPlatforms) = preSolution
		Debug|Any CPU = Debug|Any CPU
		Release|Any CPU = Release|Any CPU
	EndGlobalSection
	GlobalSection(ProjectConfigurationPlatforms) = postSolution
		{C613C708-E693-485A-98B9-31C7982FF2A9}.Debug|Any CPU.ActiveCfg = Debug|Any CPU
		{C613C708-E693-485A-98B9-31C7982FF2A9}.Debug|Any CPU.Build.0 = Debug|Any CPU
		{C613C708-E693-485A-98B9-31C7982FF2A9}.Release|Any CPU.ActiveCfg = Release|Any CPU
		{C613C708-E693-485A-98B9-31C7982FF2A9}.Release|Any CPU.Build.0 = Release|Any CPU
	EndGlobalSection
	GlobalSection(SolutionProperties) = preSolution
		HideSolutionNode = FALSE
	EndGlobalSection
	GlobalSection(ExtensibilityGlobals) = postSolution
		SolutionGuid = {A6248748-0765-4B47-B28F-95F8CE925BA4}
	EndGlobalSection
EndGlobal
